Microsoft Visual Studio Solution File, Format Version 12.00
# Visual Studio Version 17
VisualStudioVersion = 17.5.2.0
MinimumVisualStudioVersion = 10.0.40219.1
Project("{FAE04EC0-301F-11D3-BF4B-00C04F79EFBC}") = "LerArquivo", "LerArquivo.csproj", "{7B37BB53-F4B7-D864-DF5F-7F7031523302}"
EndProject
Global
	GlobalSection(SolutionConfigurationPlatforms) = preSolution
		Debug|Any CPU = Debug|Any CPU
		Release|Any CPU = Release|Any CPU
	EndGlobalSection
	GlobalSection(ProjectConfigurationPlatforms) = postSolution
		{7B37BB53-F4B7-D864-DF5F-7F7031523302}.Debug|Any CPU.ActiveCfg = Debug|Any CPU
		{7B37BB53-F4B7-D864-DF5F-7F7031523302}.Debug|Any CPU.Build.0 = Debug|Any CPU
		{7B37BB53-F4B7-D864-DF5F-7F7031523302}.Release|Any CPU.ActiveCfg = Release|Any CPU
		{7B37BB53-F4B7-D864-DF5F-7F7031523302}.Release|Any CPU.Build.0 = Release|Any CPU
	EndGlobalSection
	GlobalSection(SolutionProperties) = preSolution
		HideSolutionNode = FALSE
	EndGlobalSection
	GlobalSection(ExtensibilityGlobals) = postSolution
		SolutionGuid = {6B2DA8D4-1904-45DD-B49C-9A62BB682C18}
	EndGlobalSection
EndGlobal
