Microsoft Visual Studio Solution File, Format Version 12.00
# Visual Studio Version 17
VisualStudioVersion = 17.5.2.0
MinimumVisualStudioVersion = 10.0.40219.1
Project("{FAE04EC0-301F-11D3-BF4B-00C04F79EFBC}") = "Avaliacao2", "Avaliacao2.csproj", "{B7E81390-A968-7F91-CC33-AF7B015433FF}"
EndProject
Global
	GlobalSection(SolutionConfigurationPlatforms) = preSolution
		Debug|Any CPU = Debug|Any CPU
		Release|Any CPU = Release|Any CPU
	EndGlobalSection
	GlobalSection(ProjectConfigurationPlatforms) = postSolution
		{B7E81390-A968-7F91-CC33-AF7B015433FF}.Debug|Any CPU.ActiveCfg = Debug|Any CPU
		{B7E81390-A968-7F91-CC33-AF7B015433FF}.Debug|Any CPU.Build.0 = Debug|Any CPU
		{B7E81390-A968-7F91-CC33-AF7B015433FF}.Release|Any CPU.ActiveCfg = Release|Any CPU
		{B7E81390-A968-7F91-CC33-AF7B015433FF}.Release|Any CPU.Build.0 = Release|Any CPU
	EndGlobalSection
	GlobalSection(SolutionProperties) = preSolution
		HideSolutionNode = FALSE
	EndGlobalSection
	GlobalSection(ExtensibilityGlobals) = postSolution
		SolutionGuid = {16ACA8FE-1D69-498B-9082-1EB2045C63CA}
	EndGlobalSection
EndGlobal
