Microsoft Visual Studio Solution File, Format Version 12.00
# Visual Studio Version 17
VisualStudioVersion = 17.5.2.0
MinimumVisualStudioVersion = 10.0.40219.1
Project("{FAE04EC0-301F-11D3-BF4B-00C04F79EFBC}") = "Teste20", "Teste20.csproj", "{82526549-E6A9-1A13-FD1D-64BB0BD27C26}"
EndProject
Global
	GlobalSection(SolutionConfigurationPlatforms) = preSolution
		Debug|Any CPU = Debug|Any CPU
		Release|Any CPU = Release|Any CPU
	EndGlobalSection
	GlobalSection(ProjectConfigurationPlatforms) = postSolution
		{82526549-E6A9-1A13-FD1D-64BB0BD27C26}.Debug|Any CPU.ActiveCfg = Debug|Any CPU
		{82526549-E6A9-1A13-FD1D-64BB0BD27C26}.Debug|Any CPU.Build.0 = Debug|Any CPU
		{82526549-E6A9-1A13-FD1D-64BB0BD27C26}.Release|Any CPU.ActiveCfg = Release|Any CPU
		{82526549-E6A9-1A13-FD1D-64BB0BD27C26}.Release|Any CPU.Build.0 = Release|Any CPU
	EndGlobalSection
	GlobalSection(SolutionProperties) = preSolution
		HideSolutionNode = FALSE
	EndGlobalSection
	GlobalSection(ExtensibilityGlobals) = postSolution
		SolutionGuid = {8BA133B1-D22E-4217-A756-B1063AC764A2}
	EndGlobalSection
EndGlobal
