Microsoft Visual Studio Solution File, Format Version 12.00
# Visual Studio Version 17
VisualStudioVersion = 17.5.2.0
MinimumVisualStudioVersion = 10.0.40219.1
Project("{FAE04EC0-301F-11D3-BF4B-00C04F79EFBC}") = "Teste13", "Teste13.csproj", "{9237DBD0-D70A-92BE-347B-F6DAFF80B987}"
EndProject
Global
	GlobalSection(SolutionConfigurationPlatforms) = preSolution
		Debug|Any CPU = Debug|Any CPU
		Release|Any CPU = Release|Any CPU
	EndGlobalSection
	GlobalSection(ProjectConfigurationPlatforms) = postSolution
		{9237DBD0-D70A-92BE-347B-F6DAFF80B987}.Debug|Any CPU.ActiveCfg = Debug|Any CPU
		{9237DBD0-D70A-92BE-347B-F6DAFF80B987}.Debug|Any CPU.Build.0 = Debug|Any CPU
		{9237DBD0-D70A-92BE-347B-F6DAFF80B987}.Release|Any CPU.ActiveCfg = Release|Any CPU
		{9237DBD0-D70A-92BE-347B-F6DAFF80B987}.Release|Any CPU.Build.0 = Release|Any CPU
	EndGlobalSection
	GlobalSection(SolutionProperties) = preSolution
		HideSolutionNode = FALSE
	EndGlobalSection
	GlobalSection(ExtensibilityGlobals) = postSolution
		SolutionGuid = {E830A28B-B751-4ABC-B372-9A983ADE9189}
	EndGlobalSection
EndGlobal
